
Microsoft Visual Studio Solution File, Format Version 12.00
# Visual Studio Version 17
VisualStudioVersion = 17.9.34728.123
MinimumVisualStudioVersion = 10.0.40219.1
Project("{2150E333-8FDC-42A3-9474-1A3956D46DE8}") = "NLayer", "NLayer", "{50E79095-9EDF-4341-BCD4-60B7589EB04D}"
EndProject
Project("{2150E333-8FDC-42A3-9474-1A3956D46DE8}") = "Shared", "Shared", "{4C3522FC-2863-4ED3-8127-1122755F1C68}"
EndProject
Project("{9A19103F-16F7-4668-BE54-9A1E7A4F7556}") = "DotNet8.Architectures.DbServices", "DotNet8.Architectures.DbServices\DotNet8.Architectures.DbServices.csproj", "{FA410D34-75BC-4D89-BD7D-4AA7EE076945}"
EndProject
Project("{9A19103F-16F7-4668-BE54-9A1E7A4F7556}") = "DotNet8.Architectures.DTO", "DotNet8.Architectures.DTO\DotNet8.Architectures.DTO.csproj", "{9166C656-BDA2-4FCA-95B8-DC5D70479332}"
EndProject
Project("{9A19103F-16F7-4668-BE54-9A1E7A4F7556}") = "DotNet8.Architectures.Extensions", "DotNet8.Architectures.Extensions\DotNet8.Architectures.Extensions.csproj", "{388D1B0B-DC80-4B1B-9151-895721C636A2}"
EndProject
Project("{9A19103F-16F7-4668-BE54-9A1E7A4F7556}") = "DotNet8.Architectures.Shared", "DotNet8.Architectures.Shared\DotNet8.Architectures.Shared.csproj", "{CF1A84DE-0D2A-480A-8AF1-5E1A1538D655}"
EndProject
Project("{9A19103F-16F7-4668-BE54-9A1E7A4F7556}") = "DotNet8.Architectures.Utils", "DotNet8.Architectures.Utils\DotNet8.Architectures.Utils.csproj", "{6BFCF980-CFF7-4B9D-BE55-A07A9EB1FDE9}"
EndProject
Project("{2150E333-8FDC-42A3-9474-1A3956D46DE8}") = "src", "src", "{8A65EF86-8256-4B93-90E6-DF19B848426D}"
EndProject
Project("{9A19103F-16F7-4668-BE54-9A1E7A4F7556}") = "DotNet8.Architectures.BusinessLogic", "DotNet8.Architectures.BusinessLogic\DotNet8.Architectures.BusinessLogic.csproj", "{1EB2FBF7-63E9-40FB-A894-E051F20A1F13}"
EndProject
Project("{9A19103F-16F7-4668-BE54-9A1E7A4F7556}") = "DotNet8.Architectures.DataAccess", "DotNet8.Architectures.DataAccess\DotNet8.Architectures.DataAccess.csproj", "{4856798D-246A-4D2B-B02C-DBAC282DAF14}"
EndProject
Project("{9A19103F-16F7-4668-BE54-9A1E7A4F7556}") = "DotNet8.Architectures.Presentation", "DotNet8.Architectures.Presentation\DotNet8.Architectures.Presentation.csproj", "{8C2EA124-4462-4DE0-8D18-17058AEBC7D3}"
EndProject
Project("{2150E333-8FDC-42A3-9474-1A3956D46DE8}") = "Clean", "Clean", "{97FD99E7-C6E1-4733-82B5-610BF9CA2F93}"
EndProject
Project("{2150E333-8FDC-42A3-9474-1A3956D46DE8}") = "src", "src", "{8FF862DD-F040-4816-B75A-92778C58B4C5}"
EndProject
Project("{FAE04EC0-301F-11D3-BF4B-00C04F79EFBC}") = "DotNet8.Architectures.Clean.Application", "DotNet8.Architectures.Clean.Application\DotNet8.Architectures.Clean.Application.csproj", "{DB23B5B1-5421-435E-B0C8-5A41974AB519}"
EndProject
Project("{FAE04EC0-301F-11D3-BF4B-00C04F79EFBC}") = "DotNet8.Architectures.Clean.Domain", "DotNet8.Architectures.Clean.Domain\DotNet8.Architectures.Clean.Domain.csproj", "{21C1CDC7-6C45-42DB-BC8E-942FCC16E06E}"
EndProject
Project("{FAE04EC0-301F-11D3-BF4B-00C04F79EFBC}") = "DotNet8.Architectures.Clean.Presentation", "DotNet8.Architectures.Clean.Presentation\DotNet8.Architectures.Clean.Presentation.csproj", "{A5EE49F6-8D04-40FC-835E-89668342020D}"
EndProject
Project("{FAE04EC0-301F-11D3-BF4B-00C04F79EFBC}") = "DotNet8.Architectures.Clean.Infrastructure", "DotNet8.Architectures.Clean.Infrastructure\DotNet8.Architectures.Clean.Infrastructure.csproj", "{1A32501B-7C49-4650-8261-CC1E98E1A7DA}"
EndProject
Global
	GlobalSection(SolutionConfigurationPlatforms) = preSolution
		Debug|Any CPU = Debug|Any CPU
		Release|Any CPU = Release|Any CPU
	EndGlobalSection
	GlobalSection(ProjectConfigurationPlatforms) = postSolution
		{FA410D34-75BC-4D89-BD7D-4AA7EE076945}.Debug|Any CPU.ActiveCfg = Debug|Any CPU
		{FA410D34-75BC-4D89-BD7D-4AA7EE076945}.Debug|Any CPU.Build.0 = Debug|Any CPU
		{FA410D34-75BC-4D89-BD7D-4AA7EE076945}.Release|Any CPU.ActiveCfg = Release|Any CPU
		{FA410D34-75BC-4D89-BD7D-4AA7EE076945}.Release|Any CPU.Build.0 = Release|Any CPU
		{9166C656-BDA2-4FCA-95B8-DC5D70479332}.Debug|Any CPU.ActiveCfg = Debug|Any CPU
		{9166C656-BDA2-4FCA-95B8-DC5D70479332}.Debug|Any CPU.Build.0 = Debug|Any CPU
		{9166C656-BDA2-4FCA-95B8-DC5D70479332}.Release|Any CPU.ActiveCfg = Release|Any CPU
		{9166C656-BDA2-4FCA-95B8-DC5D70479332}.Release|Any CPU.Build.0 = Release|Any CPU
		{388D1B0B-DC80-4B1B-9151-895721C636A2}.Debug|Any CPU.ActiveCfg = Debug|Any CPU
		{388D1B0B-DC80-4B1B-9151-895721C636A2}.Debug|Any CPU.Build.0 = Debug|Any CPU
		{388D1B0B-DC80-4B1B-9151-895721C636A2}.Release|Any CPU.ActiveCfg = Release|Any CPU
		{388D1B0B-DC80-4B1B-9151-895721C636A2}.Release|Any CPU.Build.0 = Release|Any CPU
		{CF1A84DE-0D2A-480A-8AF1-5E1A1538D655}.Debug|Any CPU.ActiveCfg = Debug|Any CPU
		{CF1A84DE-0D2A-480A-8AF1-5E1A1538D655}.Debug|Any CPU.Build.0 = Debug|Any CPU
		{CF1A84DE-0D2A-480A-8AF1-5E1A1538D655}.Release|Any CPU.ActiveCfg = Release|Any CPU
		{CF1A84DE-0D2A-480A-8AF1-5E1A1538D655}.Release|Any CPU.Build.0 = Release|Any CPU
		{6BFCF980-CFF7-4B9D-BE55-A07A9EB1FDE9}.Debug|Any CPU.ActiveCfg = Debug|Any CPU
		{6BFCF980-CFF7-4B9D-BE55-A07A9EB1FDE9}.Debug|Any CPU.Build.0 = Debug|Any CPU
		{6BFCF980-CFF7-4B9D-BE55-A07A9EB1FDE9}.Release|Any CPU.ActiveCfg = Release|Any CPU
		{6BFCF980-CFF7-4B9D-BE55-A07A9EB1FDE9}.Release|Any CPU.Build.0 = Release|Any CPU
		{1EB2FBF7-63E9-40FB-A894-E051F20A1F13}.Debug|Any CPU.ActiveCfg = Debug|Any CPU
		{1EB2FBF7-63E9-40FB-A894-E051F20A1F13}.Debug|Any CPU.Build.0 = Debug|Any CPU
		{1EB2FBF7-63E9-40FB-A894-E051F20A1F13}.Release|Any CPU.ActiveCfg = Release|Any CPU
		{1EB2FBF7-63E9-40FB-A894-E051F20A1F13}.Release|Any CPU.Build.0 = Release|Any CPU
		{4856798D-246A-4D2B-B02C-DBAC282DAF14}.Debug|Any CPU.ActiveCfg = Debug|Any CPU
		{4856798D-246A-4D2B-B02C-DBAC282DAF14}.Debug|Any CPU.Build.0 = Debug|Any CPU
		{4856798D-246A-4D2B-B02C-DBAC282DAF14}.Release|Any CPU.ActiveCfg = Release|Any CPU
		{4856798D-246A-4D2B-B02C-DBAC282DAF14}.Release|Any CPU.Build.0 = Release|Any CPU
		{8C2EA124-4462-4DE0-8D18-17058AEBC7D3}.Debug|Any CPU.ActiveCfg = Debug|Any CPU
		{8C2EA124-4462-4DE0-8D18-17058AEBC7D3}.Debug|Any CPU.Build.0 = Debug|Any CPU
		{8C2EA124-4462-4DE0-8D18-17058AEBC7D3}.Release|Any CPU.ActiveCfg = Release|Any CPU
		{8C2EA124-4462-4DE0-8D18-17058AEBC7D3}.Release|Any CPU.Build.0 = Release|Any CPU
		{DB23B5B1-5421-435E-B0C8-5A41974AB519}.Debug|Any CPU.ActiveCfg = Debug|Any CPU
		{DB23B5B1-5421-435E-B0C8-5A41974AB519}.Debug|Any CPU.Build.0 = Debug|Any CPU
		{DB23B5B1-5421-435E-B0C8-5A41974AB519}.Release|Any CPU.ActiveCfg = Release|Any CPU
		{DB23B5B1-5421-435E-B0C8-5A41974AB519}.Release|Any CPU.Build.0 = Release|Any CPU
		{21C1CDC7-6C45-42DB-BC8E-942FCC16E06E}.Debug|Any CPU.ActiveCfg = Debug|Any CPU
		{21C1CDC7-6C45-42DB-BC8E-942FCC16E06E}.Debug|Any CPU.Build.0 = Debug|Any CPU
		{21C1CDC7-6C45-42DB-BC8E-942FCC16E06E}.Release|Any CPU.ActiveCfg = Release|Any CPU
		{21C1CDC7-6C45-42DB-BC8E-942FCC16E06E}.Release|Any CPU.Build.0 = Release|Any CPU
		{A5EE49F6-8D04-40FC-835E-89668342020D}.Debug|Any CPU.ActiveCfg = Debug|Any CPU
		{A5EE49F6-8D04-40FC-835E-89668342020D}.Debug|Any CPU.Build.0 = Debug|Any CPU
		{A5EE49F6-8D04-40FC-835E-89668342020D}.Release|Any CPU.ActiveCfg = Release|Any CPU
		{A5EE49F6-8D04-40FC-835E-89668342020D}.Release|Any CPU.Build.0 = Release|Any CPU
		{1A32501B-7C49-4650-8261-CC1E98E1A7DA}.Debug|Any CPU.ActiveCfg = Debug|Any CPU
		{1A32501B-7C49-4650-8261-CC1E98E1A7DA}.Debug|Any CPU.Build.0 = Debug|Any CPU
		{1A32501B-7C49-4650-8261-CC1E98E1A7DA}.Release|Any CPU.ActiveCfg = Release|Any CPU
		{1A32501B-7C49-4650-8261-CC1E98E1A7DA}.Release|Any CPU.Build.0 = Release|Any CPU
	EndGlobalSection
	GlobalSection(SolutionProperties) = preSolution
		HideSolutionNode = FALSE
	EndGlobalSection
	GlobalSection(NestedProjects) = preSolution
		{FA410D34-75BC-4D89-BD7D-4AA7EE076945} = {4C3522FC-2863-4ED3-8127-1122755F1C68}
		{9166C656-BDA2-4FCA-95B8-DC5D70479332} = {4C3522FC-2863-4ED3-8127-1122755F1C68}
		{388D1B0B-DC80-4B1B-9151-895721C636A2} = {4C3522FC-2863-4ED3-8127-1122755F1C68}
		{CF1A84DE-0D2A-480A-8AF1-5E1A1538D655} = {4C3522FC-2863-4ED3-8127-1122755F1C68}
		{6BFCF980-CFF7-4B9D-BE55-A07A9EB1FDE9} = {4C3522FC-2863-4ED3-8127-1122755F1C68}
		{8A65EF86-8256-4B93-90E6-DF19B848426D} = {50E79095-9EDF-4341-BCD4-60B7589EB04D}
		{1EB2FBF7-63E9-40FB-A894-E051F20A1F13} = {8A65EF86-8256-4B93-90E6-DF19B848426D}
		{4856798D-246A-4D2B-B02C-DBAC282DAF14} = {8A65EF86-8256-4B93-90E6-DF19B848426D}
		{8C2EA124-4462-4DE0-8D18-17058AEBC7D3} = {8A65EF86-8256-4B93-90E6-DF19B848426D}
		{8FF862DD-F040-4816-B75A-92778C58B4C5} = {97FD99E7-C6E1-4733-82B5-610BF9CA2F93}
		{DB23B5B1-5421-435E-B0C8-5A41974AB519} = {8FF862DD-F040-4816-B75A-92778C58B4C5}
		{21C1CDC7-6C45-42DB-BC8E-942FCC16E06E} = {8FF862DD-F040-4816-B75A-92778C58B4C5}
		{A5EE49F6-8D04-40FC-835E-89668342020D} = {8FF862DD-F040-4816-B75A-92778C58B4C5}
		{1A32501B-7C49-4650-8261-CC1E98E1A7DA} = {8FF862DD-F040-4816-B75A-92778C58B4C5}
	EndGlobalSection
	GlobalSection(ExtensibilityGlobals) = postSolution
		SolutionGuid = {D362481D-50CA-49BC-A186-88FE1DA3F994}
	EndGlobalSection
EndGlobal
